
Microsoft Visual Studio Solution File, Format Version 12.00
# Visual Studio Version 16
VisualStudioVersion = 16.0.29613.14
MinimumVisualStudioVersion = 10.0.40219.1
Project("{9A19103F-16F7-4668-BE54-9A1E7A4F7556}") = "CarGenTools.CarGenImport", "CarGenTools.CarGenImport\CarGenTools.CarGenImport.csproj", "{D3C76465-E301-457B-8FE0-47DDCD675822}"
EndProject
Project("{9A19103F-16F7-4668-BE54-9A1E7A4F7556}") = "CarGenTools.CarGenMerge", "CarGenTools.CarGenMerge\CarGenTools.CarGenMerge.csproj", "{109B9B74-F982-4439-A964-1CBA69D87CF8}"
EndProject
Project("{FAE04EC0-301F-11D3-BF4B-00C04F79EFBC}") = "CarGenTools", "CarGenTools\CarGenTools.csproj", "{CE2CEA62-E585-4B9A-AC55-BE5E99874F4C}"
EndProject
Global
	GlobalSection(SolutionConfigurationPlatforms) = preSolution
		Debug|Any CPU = Debug|Any CPU
		Release|Any CPU = Release|Any CPU
	EndGlobalSection
	GlobalSection(ProjectConfigurationPlatforms) = postSolution
		{D3C76465-E301-457B-8FE0-47DDCD675822}.Debug|Any CPU.ActiveCfg = Debug|Any CPU
		{D3C76465-E301-457B-8FE0-47DDCD675822}.Debug|Any CPU.Build.0 = Debug|Any CPU
		{D3C76465-E301-457B-8FE0-47DDCD675822}.Release|Any CPU.ActiveCfg = Release|Any CPU
		{D3C76465-E301-457B-8FE0-47DDCD675822}.Release|Any CPU.Build.0 = Release|Any CPU
		{109B9B74-F982-4439-A964-1CBA69D87CF8}.Debug|Any CPU.ActiveCfg = Debug|Any CPU
		{109B9B74-F982-4439-A964-1CBA69D87CF8}.Debug|Any CPU.Build.0 = Debug|Any CPU
		{109B9B74-F982-4439-A964-1CBA69D87CF8}.Release|Any CPU.ActiveCfg = Release|Any CPU
		{109B9B74-F982-4439-A964-1CBA69D87CF8}.Release|Any CPU.Build.0 = Release|Any CPU
		{CE2CEA62-E585-4B9A-AC55-BE5E99874F4C}.Debug|Any CPU.ActiveCfg = Debug|Any CPU
		{CE2CEA62-E585-4B9A-AC55-BE5E99874F4C}.Debug|Any CPU.Build.0 = Debug|Any CPU
		{CE2CEA62-E585-4B9A-AC55-BE5E99874F4C}.Release|Any CPU.ActiveCfg = Release|Any CPU
		{CE2CEA62-E585-4B9A-AC55-BE5E99874F4C}.Release|Any CPU.Build.0 = Release|Any CPU
	EndGlobalSection
	GlobalSection(SolutionProperties) = preSolution
		HideSolutionNode = FALSE
	EndGlobalSection
	GlobalSection(ExtensibilityGlobals) = postSolution
		SolutionGuid = {9FCF972B-1EC1-43D9-9858-3B1F87143B56}
	EndGlobalSection
EndGlobal
